{
  "name": "Tangerine",
  "lockfileVersion": 2,
  "requires": true,
  "packages": {
    "": {
      "dependencies": {
        "@fullcalendar/daygrid": "^5.11.0",
        "@fullcalendar/react": "^5.11.1",
        "react-spinning-canvas-wheel": "^0.1.4"
      }
    },
    "node_modules/@fullcalendar/common": {
      "version": "5.11.0",
      "resolved": "https://registry.npmjs.org/@fullcalendar/common/-/common-5.11.0.tgz",
      "integrity": "sha512-gWjbMAnN1u73Oqlgjbyky7i+3bY0hvFSnGT0YBPx44n874AkQa9e9OU12PMLTMOPy0tXPb8DEwRelFQ7CJNbcw==",
      "dependencies": {
        "tslib": "^2.1.0"
      }
    },
    "node_modules/@fullcalendar/daygrid": {
      "version": "5.11.0",
      "resolved": "https://registry.npmjs.org/@fullcalendar/daygrid/-/daygrid-5.11.0.tgz",
      "integrity": "sha512-Ybh/dfHn/VL0qOVIRVyJc9I8oYiqqHl6xQONk8xXCe456QbPzAQLsAxpLLJLH+3smWNCfoQgvDKzR9e9XTzLMQ==",
      "dependencies": {
        "@fullcalendar/common": "~5.11.0",
        "tslib": "^2.1.0"
      }
    },
    "node_modules/@fullcalendar/react": {
      "version": "5.11.1",
      "resolved": "https://registry.npmjs.org/@fullcalendar/react/-/react-5.11.1.tgz",
      "integrity": "sha512-Mjuz90gzX6MLU0rdr5CVoqQA5vFM9JpHDIFmvlLaY8SvdK0R5BwNhquRJP7D2L2q0XKGyzo+/FBOZ+PFXe7jGA==",
      "dependencies": {
        "@fullcalendar/common": "~5.11.0",
        "tslib": "^2.1.0"
      },
      "peerDependencies": {
        "react": "^16.7.0 || ^17 || ^18",
        "react-dom": "^16.7.0 || ^17 || ^18"
      }
    },
    "node_modules/react-spinning-canvas-wheel": {
      "version": "0.1.4",
      "resolved": "https://registry.npmjs.org/react-spinning-canvas-wheel/-/react-spinning-canvas-wheel-0.1.4.tgz",
      "integrity": "sha512-xrdud7SJEnLFQ8doPNlMjIRgV+5gNgk4Wx9fg5RrdBVPTee9cRnn8Ccb3taB8Uuo58LjFqYvC7WbHFz+MxvoVg==",
      "peerDependencies": {
        "react": ">=17"
      }
    },
    "node_modules/tslib": {
      "version": "2.4.0",
      "resolved": "https://registry.npmjs.org/tslib/-/tslib-2.4.0.tgz",
      "integrity": "sha512-d6xOpEDfsi2CZVlPQzGeux8XMwLT9hssAsaPYExaQMuYskwb+x1x7J371tWlbBdWHroy99KnVB6qIkUbs5X3UQ=="
    }
  },
  "dependencies": {
    "@fullcalendar/common": {
      "version": "5.11.0",
      "resolved": "https://registry.npmjs.org/@fullcalendar/common/-/common-5.11.0.tgz",
      "integrity": "sha512-gWjbMAnN1u73Oqlgjbyky7i+3bY0hvFSnGT0YBPx44n874AkQa9e9OU12PMLTMOPy0tXPb8DEwRelFQ7CJNbcw==",
      "requires": {
        "tslib": "^2.1.0"
      }
    },
    "@fullcalendar/daygrid": {
      "version": "5.11.0",
      "resolved": "https://registry.npmjs.org/@fullcalendar/daygrid/-/daygrid-5.11.0.tgz",
      "integrity": "sha512-Ybh/dfHn/VL0qOVIRVyJc9I8oYiqqHl6xQONk8xXCe456QbPzAQLsAxpLLJLH+3smWNCfoQgvDKzR9e9XTzLMQ==",
      "requires": {
        "@fullcalendar/common": "~5.11.0",
        "tslib": "^2.1.0"
      }
    },
    "@fullcalendar/react": {
      "version": "5.11.1",
      "resolved": "https://registry.npmjs.org/@fullcalendar/react/-/react-5.11.1.tgz",
      "integrity": "sha512-Mjuz90gzX6MLU0rdr5CVoqQA5vFM9JpHDIFmvlLaY8SvdK0R5BwNhquRJP7D2L2q0XKGyzo+/FBOZ+PFXe7jGA==",
      "requires": {
        "@fullcalendar/common": "~5.11.0",
        "tslib": "^2.1.0"
      }
    },
    "react-spinning-canvas-wheel": {
      "version": "0.1.4",
      "resolved": "https://registry.npmjs.org/react-spinning-canvas-wheel/-/react-spinning-canvas-wheel-0.1.4.tgz",
      "integrity": "sha512-xrdud7SJEnLFQ8doPNlMjIRgV+5gNgk4Wx9fg5RrdBVPTee9cRnn8Ccb3taB8Uuo58LjFqYvC7WbHFz+MxvoVg=="
    },
    "tslib": {
      "version": "2.4.0",
      "resolved": "https://registry.npmjs.org/tslib/-/tslib-2.4.0.tgz",
      "integrity": "sha512-d6xOpEDfsi2CZVlPQzGeux8XMwLT9hssAsaPYExaQMuYskwb+x1x7J371tWlbBdWHroy99KnVB6qIkUbs5X3UQ=="
    }
  }
}
